
Microsoft Visual Studio Solution File, Format Version 12.00
# Visual Studio Version 16
VisualStudioVersion = 16.0.29613.14
MinimumVisualStudioVersion = 10.0.40219.1
Project("{FAE04EC0-301F-11D3-BF4B-00C04F79EFBC}") = "dot-net-selenium-examples", "dot-net-selenium-examples\dot-net-selenium-examples.csproj", "{FDFCFDFB-A48B-47D8-83A3-6D34F024963A}"
EndProject
Global
	GlobalSection(SolutionConfigurationPlatforms) = preSolution
		Debug|Any CPU = Debug|Any CPU
		Release|Any CPU = Release|Any CPU
	EndGlobalSection
	GlobalSection(ProjectConfigurationPlatforms) = postSolution
		{FDFCFDFB-A48B-47D8-83A3-6D34F024963A}.Debug|Any CPU.ActiveCfg = Debug|Any CPU
		{FDFCFDFB-A48B-47D8-83A3-6D34F024963A}.Debug|Any CPU.Build.0 = Debug|Any CPU
		{FDFCFDFB-A48B-47D8-83A3-6D34F024963A}.Release|Any CPU.ActiveCfg = Release|Any CPU
		{FDFCFDFB-A48B-47D8-83A3-6D34F024963A}.Release|Any CPU.Build.0 = Release|Any CPU
	EndGlobalSection
	GlobalSection(SolutionProperties) = preSolution
		HideSolutionNode = FALSE
	EndGlobalSection
	GlobalSection(ExtensibilityGlobals) = postSolution
		SolutionGuid = {5B741E80-45A3-460E-AD7E-3A5A2C6018D6}
	EndGlobalSection
EndGlobal
